
Microsoft Visual Studio Solution File, Format Version 12.00
# Visual Studio Version 17
VisualStudioVersion = 17.0.32112.339
MinimumVisualStudioVersion = 10.0.40219.1
Project("{FAE04EC0-301F-11D3-BF4B-00C04F79EFBC}") = "Grundläggande träning", "Grundläggande träning\Grundläggande träning.csproj", "{3144F92F-6DA1-4A24-B835-20618E3DA4EB}"
EndProject
Global
	GlobalSection(SolutionConfigurationPlatforms) = preSolution
		Debug|Any CPU = Debug|Any CPU
		Release|Any CPU = Release|Any CPU
	EndGlobalSection
	GlobalSection(ProjectConfigurationPlatforms) = postSolution
		{3144F92F-6DA1-4A24-B835-20618E3DA4EB}.Debug|Any CPU.ActiveCfg = Debug|Any CPU
		{3144F92F-6DA1-4A24-B835-20618E3DA4EB}.Debug|Any CPU.Build.0 = Debug|Any CPU
		{3144F92F-6DA1-4A24-B835-20618E3DA4EB}.Release|Any CPU.ActiveCfg = Release|Any CPU
		{3144F92F-6DA1-4A24-B835-20618E3DA4EB}.Release|Any CPU.Build.0 = Release|Any CPU
	EndGlobalSection
	GlobalSection(SolutionProperties) = preSolution
		HideSolutionNode = FALSE
	EndGlobalSection
	GlobalSection(ExtensibilityGlobals) = postSolution
		SolutionGuid = {57C30C2C-B9EA-41FE-974F-CE786919DD2E}
	EndGlobalSection
EndGlobal
